
Microsoft Visual Studio Solution File, Format Version 12.00
# Visual Studio Version 16
VisualStudioVersion = 16.0.33130.400
MinimumVisualStudioVersion = 10.0.40219.1
Project("{FAE04EC0-301F-11D3-BF4B-00C04F79EFBC}") = "GCD-LCM", "GCD-LCM\GCD-LCM.csproj", "{3410C587-D33F-4418-B23F-8923A025E360}"
EndProject
Global
	GlobalSection(SolutionConfigurationPlatforms) = preSolution
		Debug|Any CPU = Debug|Any CPU
		Release|Any CPU = Release|Any CPU
	EndGlobalSection
	GlobalSection(ProjectConfigurationPlatforms) = postSolution
		{3410C587-D33F-4418-B23F-8923A025E360}.Debug|Any CPU.ActiveCfg = Debug|Any CPU
		{3410C587-D33F-4418-B23F-8923A025E360}.Debug|Any CPU.Build.0 = Debug|Any CPU
		{3410C587-D33F-4418-B23F-8923A025E360}.Release|Any CPU.ActiveCfg = Release|Any CPU
		{3410C587-D33F-4418-B23F-8923A025E360}.Release|Any CPU.Build.0 = Release|Any CPU
	EndGlobalSection
	GlobalSection(SolutionProperties) = preSolution
		HideSolutionNode = FALSE
	EndGlobalSection
	GlobalSection(ExtensibilityGlobals) = postSolution
		SolutionGuid = {3BAF25D1-098F-4944-B062-03BDF6196870}
	EndGlobalSection
EndGlobal
